
Microsoft Visual Studio Solution File, Format Version 12.00
# Visual Studio Version 17
VisualStudioVersion = 17.7.34018.315
MinimumVisualStudioVersion = 10.0.40219.1
Project("{FAE04EC0-301F-11D3-BF4B-00C04F79EFBC}") = "ConsoleApp1", "ConsoleApp1.csproj", "{D5BFEFC0-1E77-4489-8795-A61CEED13C70}"
EndProject
Global
	GlobalSection(SolutionConfigurationPlatforms) = preSolution
		Debug|Any CPU = Debug|Any CPU
		Release|Any CPU = Release|Any CPU
	EndGlobalSection
	GlobalSection(ProjectConfigurationPlatforms) = postSolution
		{D5BFEFC0-1E77-4489-8795-A61CEED13C70}.Debug|Any CPU.ActiveCfg = Debug|Any CPU
		{D5BFEFC0-1E77-4489-8795-A61CEED13C70}.Debug|Any CPU.Build.0 = Debug|Any CPU
		{D5BFEFC0-1E77-4489-8795-A61CEED13C70}.Release|Any CPU.ActiveCfg = Release|Any CPU
		{D5BFEFC0-1E77-4489-8795-A61CEED13C70}.Release|Any CPU.Build.0 = Release|Any CPU
	EndGlobalSection
	GlobalSection(SolutionProperties) = preSolution
		HideSolutionNode = FALSE
	EndGlobalSection
	GlobalSection(ExtensibilityGlobals) = postSolution
		SolutionGuid = {2220D634-ECFC-4150-AD5E-277E795C29AF}
	EndGlobalSection
EndGlobal
